
Microsoft Visual Studio Solution File, Format Version 12.00
# Visual Studio Version 17
VisualStudioVersion = 17.0.31903.59
MinimumVisualStudioVersion = 10.0.40219.1
Project("{FAE04EC0-301F-11D3-BF4B-00C04F79EFBC}") = "SecondScreen", "SecondScreen.csproj", "{44CA94AC-B710-4024-8B7E-7095EAC6151C}"
EndProject
Global
	GlobalSection(SolutionConfigurationPlatforms) = preSolution
		Debug|Any CPU = Debug|Any CPU
		Release|Any CPU = Release|Any CPU
	EndGlobalSection
	GlobalSection(ProjectConfigurationPlatforms) = postSolution
		{44CA94AC-B710-4024-8B7E-7095EAC6151C}.Debug|Any CPU.ActiveCfg = Debug|Any CPU
		{44CA94AC-B710-4024-8B7E-7095EAC6151C}.Debug|Any CPU.Build.0 = Debug|Any CPU
		{44CA94AC-B710-4024-8B7E-7095EAC6151C}.Release|Any CPU.ActiveCfg = Release|Any CPU
		{44CA94AC-B710-4024-8B7E-7095EAC6151C}.Release|Any CPU.Build.0 = Release|Any CPU
	EndGlobalSection
	GlobalSection(SolutionProperties) = preSolution
		HideSolutionNode = FALSE
	EndGlobalSection
	GlobalSection(ExtensibilityGlobals) = postSolution
		SolutionGuid = {82C10A8A-F02D-4F49-811D-3DC44426D9D4}
	EndGlobalSection
EndGlobal
